
Microsoft Visual Studio Solution File, Format Version 12.00
# Visual Studio Version 17
VisualStudioVersion = 17.3.32901.215
MinimumVisualStudioVersion = 10.0.40219.1
Project("{FAE04EC0-301F-11D3-BF4B-00C04F79EFBC}") = "WpfApp1", "WpfApp1\WpfApp1.csproj", "{40275B9F-6214-463C-BCAB-E61AB62E9728}"
EndProject
Global
	GlobalSection(SolutionConfigurationPlatforms) = preSolution
		Debug|Any CPU = Debug|Any CPU
		Release|Any CPU = Release|Any CPU
	EndGlobalSection
	GlobalSection(ProjectConfigurationPlatforms) = postSolution
		{40275B9F-6214-463C-BCAB-E61AB62E9728}.Debug|Any CPU.ActiveCfg = Debug|Any CPU
		{40275B9F-6214-463C-BCAB-E61AB62E9728}.Debug|Any CPU.Build.0 = Debug|Any CPU
		{40275B9F-6214-463C-BCAB-E61AB62E9728}.Release|Any CPU.ActiveCfg = Release|Any CPU
		{40275B9F-6214-463C-BCAB-E61AB62E9728}.Release|Any CPU.Build.0 = Release|Any CPU
	EndGlobalSection
	GlobalSection(SolutionProperties) = preSolution
		HideSolutionNode = FALSE
	EndGlobalSection
	GlobalSection(ExtensibilityGlobals) = postSolution
		SolutionGuid = {7B1B1EBB-9F59-49F2-9E1E-8D3B26A5401E}
	EndGlobalSection
EndGlobal
